{
  "name": "commands-in-code",
  "version": "1.0.0",
  "lockfileVersion": 3,
  "requires": true,
  "packages": {
    "": {
      "name": "commands-in-code",
      "version": "1.0.0",
      "license": "ISC",
      "dependencies": {
        "@futura-dev/cosmoprism": "file:../.."
      },
      "devDependencies": {
        "typescript": "^5.6.3"
      }
    },
    "../..": {
      "version": "0.0.1-alpha.7",
      "license": "MIT",
      "dependencies": {
        "commander": "^12.1.0",
        "dotenv": "^16.4.5",
        "inquirer": "^12.0.1",
        "mysql2": "^3.11.3",
        "pg": "^8.13.1",
        "pg-hstore": "^2.3.4",
        "sequelize": "^6.37.5"
      },
      "bin": {
        "cosmoprism": "dist/cli.js"
      },
      "devDependencies": {
        "@futura-dev/cosmodrome": "^1.5.0-alpha.3",
        "@futura-dev/cosmofactory": "^0.4.0",
        "@futura-dev/eslint-config-typescript": "^1.0.3",
        "@types/commander": "^2.12.5",
        "@types/node": "^22.8.1",
        "npm-check-updates": "^17.1.6",
        "typescript": "^5.6.3"
      },
      "engines": {
        "node": ">=18.20.4"
      }
    },
    "node_modules/@futura-dev/cosmoprism": {
      "resolved": "../..",
      "link": true
    },
    "node_modules/typescript": {
      "version": "5.6.3",
      "resolved": "https://registry.npmjs.org/typescript/-/typescript-5.6.3.tgz",
      "integrity": "sha512-hjcS1mhfuyi4WW8IWtjP7brDrG2cuDZukyrYrSauoXGNgx0S7zceP07adYkJycEr56BOUTNPzbInooiN3fn1qw==",
      "dev": true,
      "bin": {
        "tsc": "bin/tsc",
        "tsserver": "bin/tsserver"
      },
      "engines": {
        "node": ">=14.17"
      }
    }
  }
}
